
Microsoft Visual Studio Solution File, Format Version 12.00
# Visual Studio Version 17
VisualStudioVersion = 17.14.36327.8 d17.14
MinimumVisualStudioVersion = 10.0.40219.1
Project("{FAE04EC0-301F-11D3-BF4B-00C04F79EFBC}") = "VerticalSliceBlazorArchitecture", "VerticalSliceBlazorArchitecture.csproj", "{C273875C-C7AD-45E5-B3ED-1C62F0937F99}"
EndProject
Global
	GlobalSection(SolutionConfigurationPlatforms) = preSolution
		Debug|Any CPU = Debug|Any CPU
		Release|Any CPU = Release|Any CPU
	EndGlobalSection
	GlobalSection(ProjectConfigurationPlatforms) = postSolution
		{C273875C-C7AD-45E5-B3ED-1C62F0937F99}.Debug|Any CPU.ActiveCfg = Debug|Any CPU
		{C273875C-C7AD-45E5-B3ED-1C62F0937F99}.Debug|Any CPU.Build.0 = Debug|Any CPU
		{C273875C-C7AD-45E5-B3ED-1C62F0937F99}.Release|Any CPU.ActiveCfg = Release|Any CPU
		{C273875C-C7AD-45E5-B3ED-1C62F0937F99}.Release|Any CPU.Build.0 = Release|Any CPU
	EndGlobalSection
	GlobalSection(SolutionProperties) = preSolution
		HideSolutionNode = FALSE
	EndGlobalSection
	GlobalSection(ExtensibilityGlobals) = postSolution
		SolutionGuid = {4D53F943-31BF-4F2A-9DF7-212AC9B697DD}
	EndGlobalSection
EndGlobal
